
Microsoft Visual Studio Solution File, Format Version 12.00
# Visual Studio Version 17
VisualStudioVersion = 17.1.32210.238
MinimumVisualStudioVersion = 10.0.40219.1
Project("{FAE04EC0-301F-11D3-BF4B-00C04F79EFBC}") = "CoreApiDemo", "CoreApiDemo\CoreApiDemo.csproj", "{43C153AD-4153-40A4-AC4A-DB745A672EC8}"
EndProject
Global
	GlobalSection(SolutionConfigurationPlatforms) = preSolution
		Debug|Any CPU = Debug|Any CPU
		Release|Any CPU = Release|Any CPU
	EndGlobalSection
	GlobalSection(ProjectConfigurationPlatforms) = postSolution
		{43C153AD-4153-40A4-AC4A-DB745A672EC8}.Debug|Any CPU.ActiveCfg = Debug|Any CPU
		{43C153AD-4153-40A4-AC4A-DB745A672EC8}.Debug|Any CPU.Build.0 = Debug|Any CPU
		{43C153AD-4153-40A4-AC4A-DB745A672EC8}.Release|Any CPU.ActiveCfg = Release|Any CPU
		{43C153AD-4153-40A4-AC4A-DB745A672EC8}.Release|Any CPU.Build.0 = Release|Any CPU
	EndGlobalSection
	GlobalSection(SolutionProperties) = preSolution
		HideSolutionNode = FALSE
	EndGlobalSection
	GlobalSection(ExtensibilityGlobals) = postSolution
		SolutionGuid = {24DC7ECC-E759-495C-B550-583E2893E947}
	EndGlobalSection
EndGlobal
